
Microsoft Visual Studio Solution File, Format Version 12.00
# Visual Studio Version 17
VisualStudioVersion = 17.4.33403.182
MinimumVisualStudioVersion = 10.0.40219.1
Project("{FAE04EC0-301F-11D3-BF4B-00C04F79EFBC}") = "MarvelousLuncher", "MarvelousLuncher.csproj", "{35D7254B-336C-4E68-8A05-4094895A799D}"
EndProject
Global
	GlobalSection(SolutionConfigurationPlatforms) = preSolution
		Debug|Any CPU = Debug|Any CPU
		Release|Any CPU = Release|Any CPU
	EndGlobalSection
	GlobalSection(ProjectConfigurationPlatforms) = postSolution
		{35D7254B-336C-4E68-8A05-4094895A799D}.Debug|Any CPU.ActiveCfg = Debug|Any CPU
		{35D7254B-336C-4E68-8A05-4094895A799D}.Debug|Any CPU.Build.0 = Debug|Any CPU
		{35D7254B-336C-4E68-8A05-4094895A799D}.Release|Any CPU.ActiveCfg = Release|Any CPU
		{35D7254B-336C-4E68-8A05-4094895A799D}.Release|Any CPU.Build.0 = Release|Any CPU
	EndGlobalSection
	GlobalSection(SolutionProperties) = preSolution
		HideSolutionNode = FALSE
	EndGlobalSection
	GlobalSection(ExtensibilityGlobals) = postSolution
		SolutionGuid = {199872F7-D73F-420C-9560-AB5CEB96E047}
	EndGlobalSection
EndGlobal
